// !$*UTF8*$!
{
	archiveVersion = 1;
	classes = {
	};
	objectVersion = 48;
	objects = {

/* Begin PBXBuildFile section */
		760D0834203CD41600E2993E /* DJIAircraftAnnotationView.swift in Sources */ = {isa = PBXBuildFile; fileRef = 760D0833203CD41600E2993E /* DJIAircraftAnnotationView.swift */; };
		760D0836203CD61E00E2993E /* drone.png in Resources */ = {isa = PBXBuildFile; fileRef = 760D0835203CD61E00E2993E /* drone.png */; };
		760D0838203CD6BE00E2993E /* DJIAircraftAnnotation.swift in Sources */ = {isa = PBXBuildFile; fileRef = 760D0837203CD6BE00E2993E /* DJIAircraftAnnotation.swift */; };
		760D083C203DF72700E2993E /* GoogleService-Info.plist in Resources */ = {isa = PBXBuildFile; fileRef = 760D083B203DF72600E2993E /* GoogleService-Info.plist */; };
		760D083F203DF93400E2993E /* FBManager.swift in Sources */ = {isa = PBXBuildFile; fileRef = 760D083E203DF93400E2993E /* FBManager.swift */; };
		760D0842203E05B900E2993E /* MissionsViewController.swift in Sources */ = {isa = PBXBuildFile; fileRef = 760D0841203E05B900E2993E /* MissionsViewController.swift */; };
		760D0849203FD18700E2993E /* drone-2.png in Resources */ = {isa = PBXBuildFile; fileRef = 760D0848203FD18700E2993E /* drone-2.png */; };
		760D084B203FD19400E2993E /* plane24.png in Resources */ = {isa = PBXBuildFile; fileRef = 760D084A203FD19400E2993E /* plane24.png */; };
		768DBE1520374C23009B011A /* AppDelegate.swift in Sources */ = {isa = PBXBuildFile; fileRef = 768DBE1420374C23009B011A /* AppDelegate.swift */; };
		768DBE1720374C23009B011A /* ViewController.swift in Sources */ = {isa = PBXBuildFile; fileRef = 768DBE1620374C23009B011A /* ViewController.swift */; };
		768DBE1A20374C23009B011A /* Main.storyboard in Resources */ = {isa = PBXBuildFile; fileRef = 768DBE1820374C23009B011A /* Main.storyboard */; };
		768DBE1C20374C23009B011A /* Assets.xcassets in Resources */ = {isa = PBXBuildFile; fileRef = 768DBE1B20374C23009B011A /* Assets.xcassets */; };
		768DBE1F20374C23009B011A /* LaunchScreen.storyboard in Resources */ = {isa = PBXBuildFile; fileRef = 768DBE1D20374C23009B011A /* LaunchScreen.storyboard */; };
		76CDFF4020375EA50060CDEE /* VideoPreviewer.framework in Frameworks */ = {isa = PBXBuildFile; fileRef = 76CDFF3F20375E890060CDEE /* VideoPreviewer.framework */; };
		76CDFF4120375EA50060CDEE /* VideoPreviewer.framework in Embed Frameworks */ = {isa = PBXBuildFile; fileRef = 76CDFF3F20375E890060CDEE /* VideoPreviewer.framework */; settings = {ATTRIBUTES = (CodeSignOnCopy, RemoveHeadersOnCopy, ); }; };
		76CDFF54203B6AE60060CDEE /* DJIMapController.swift in Sources */ = {isa = PBXBuildFile; fileRef = 76CDFF53203B6AE60060CDEE /* DJIMapController.swift */; };
		76CDFF56203B7D130060CDEE /* MapKit.framework in Frameworks */ = {isa = PBXBuildFile; fileRef = 76CDFF55203B7D130060CDEE /* MapKit.framework */; };
		EF56F7F05419003B4BFF0623 /* Pods_DJIDemo.framework in Frameworks */ = {isa = PBXBuildFile; fileRef = A8E48416157153ACCC3AC1A6 /* Pods_DJIDemo.framework */; };
/* End PBXBuildFile section */

/* Begin PBXContainerItemProxy section */
		76CDFF3E20375E890060CDEE /* PBXContainerItemProxy */ = {
			isa = PBXContainerItemProxy;
			containerPortal = 76CDFF3A20375E880060CDEE /* VideoPreviewer.xcodeproj */;
			proxyType = 2;
			remoteGlobalIDString = 02A543FD1C3C51CB0083C11B;
			remoteInfo = VideoPreviewer;
		};
		76CDFF4220375EA50060CDEE /* PBXContainerItemProxy */ = {
			isa = PBXContainerItemProxy;
			containerPortal = 76CDFF3A20375E880060CDEE /* VideoPreviewer.xcodeproj */;
			proxyType = 1;
			remoteGlobalIDString = 02A543FC1C3C51CB0083C11B;
			remoteInfo = VideoPreviewer;
		};
/* End PBXContainerItemProxy section */

/* Begin PBXCopyFilesBuildPhase section */
		76CDFF4420375EA60060CDEE /* Embed Frameworks */ = {
			isa = PBXCopyFilesBuildPhase;
			buildActionMask = 2147483647;
			dstPath = "";
			dstSubfolderSpec = 10;
			files = (
				76CDFF4120375EA50060CDEE /* VideoPreviewer.framework in Embed Frameworks */,
			);
			name = "Embed Frameworks";
			runOnlyForDeploymentPostprocessing = 0;
		};
/* End PBXCopyFilesBuildPhase section */

/* Begin PBXFileReference section */
		0D12EF1A853365E794425E37 /* Pods-DJIDemo.release.xcconfig */ = {isa = PBXFileReference; includeInIndex = 1; lastKnownFileType = text.xcconfig; name = "Pods-DJIDemo.release.xcconfig"; path = "Pods/Target Support Files/Pods-DJIDemo/Pods-DJIDemo.release.xcconfig"; sourceTree = "<group>"; };
		15C4D2AD412D15FE856FD42D /* Pods-DJIDemo.debug.xcconfig */ = {isa = PBXFileReference; includeInIndex = 1; lastKnownFileType = text.xcconfig; name = "Pods-DJIDemo.debug.xcconfig"; path = "Pods/Target Support Files/Pods-DJIDemo/Pods-DJIDemo.debug.xcconfig"; sourceTree = "<group>"; };
		760D0833203CD41600E2993E /* DJIAircraftAnnotationView.swift */ = {isa = PBXFileReference; lastKnownFileType = sourcecode.swift; path = DJIAircraftAnnotationView.swift; sourceTree = "<group>"; };
		760D0835203CD61E00E2993E /* drone.png */ = {isa = PBXFileReference; lastKnownFileType = image.png; path = drone.png; sourceTree = "<group>"; };
		760D0837203CD6BE00E2993E /* DJIAircraftAnnotation.swift */ = {isa = PBXFileReference; lastKnownFileType = sourcecode.swift; path = DJIAircraftAnnotation.swift; sourceTree = "<group>"; };
		760D083B203DF72600E2993E /* GoogleService-Info.plist */ = {isa = PBXFileReference; fileEncoding = 4; lastKnownFileType = text.plist.xml; path = "GoogleService-Info.plist"; sourceTree = "<group>"; };
		760D083E203DF93400E2993E /* FBManager.swift */ = {isa = PBXFileReference; lastKnownFileType = sourcecode.swift; path = FBManager.swift; sourceTree = "<group>"; };
		760D0841203E05B900E2993E /* MissionsViewController.swift */ = {isa = PBXFileReference; lastKnownFileType = sourcecode.swift; path = MissionsViewController.swift; sourceTree = "<group>"; };
		760D0848203FD18700E2993E /* drone-2.png */ = {isa = PBXFileReference; lastKnownFileType = image.png; path = "drone-2.png"; sourceTree = "<group>"; };
		760D084A203FD19400E2993E /* plane24.png */ = {isa = PBXFileReference; lastKnownFileType = image.png; path = plane24.png; sourceTree = "<group>"; };
		768DBE1120374C23009B011A /* DJIDemo.app */ = {isa = PBXFileReference; explicitFileType = wrapper.application; includeInIndex = 0; path = DJIDemo.app; sourceTree = BUILT_PRODUCTS_DIR; };
		768DBE1420374C23009B011A /* AppDelegate.swift */ = {isa = PBXFileReference; lastKnownFileType = sourcecode.swift; path = AppDelegate.swift; sourceTree = "<group>"; };
		768DBE1620374C23009B011A /* ViewController.swift */ = {isa = PBXFileReference; lastKnownFileType = sourcecode.swift; path = ViewController.swift; sourceTree = "<group>"; };
		768DBE1920374C23009B011A /* Base */ = {isa = PBXFileReference; lastKnownFileType = file.storyboard; name = Base; path = Base.lproj/Main.storyboard; sourceTree = "<group>"; };
		768DBE1B20374C23009B011A /* Assets.xcassets */ = {isa = PBXFileReference; lastKnownFileType = folder.assetcatalog; path = Assets.xcassets; sourceTree = "<group>"; };
		768DBE1E20374C23009B011A /* Base */ = {isa = PBXFileReference; lastKnownFileType = file.storyboard; name = Base; path = Base.lproj/LaunchScreen.storyboard; sourceTree = "<group>"; };
		768DBE2020374C23009B011A /* Info.plist */ = {isa = PBXFileReference; lastKnownFileType = text.plist.xml; path = Info.plist; sourceTree = "<group>"; };
		76CDFF3A20375E880060CDEE /* VideoPreviewer.xcodeproj */ = {isa = PBXFileReference; lastKnownFileType = "wrapper.pb-project"; name = VideoPreviewer.xcodeproj; path = VideoPreviewer/VideoPreviewer.xcodeproj; sourceTree = "<group>"; };
		76CDFF45203775A40060CDEE /* DJIDemo-Bridging-Header.h */ = {isa = PBXFileReference; lastKnownFileType = sourcecode.c.h; path = "DJIDemo-Bridging-Header.h"; sourceTree = "<group>"; };
		76CDFF53203B6AE60060CDEE /* DJIMapController.swift */ = {isa = PBXFileReference; lastKnownFileType = sourcecode.swift; path = DJIMapController.swift; sourceTree = "<group>"; };
		76CDFF55203B7D130060CDEE /* MapKit.framework */ = {isa = PBXFileReference; lastKnownFileType = wrapper.framework; name = MapKit.framework; path = System/Library/Frameworks/MapKit.framework; sourceTree = SDKROOT; };
		A8E48416157153ACCC3AC1A6 /* Pods_DJIDemo.framework */ = {isa = PBXFileReference; explicitFileType = wrapper.framework; includeInIndex = 0; path = Pods_DJIDemo.framework; sourceTree = BUILT_PRODUCTS_DIR; };
/* End PBXFileReference section */

/* Begin PBXFrameworksBuildPhase section */
		768DBE0E20374C23009B011A /* Frameworks */ = {
			isa = PBXFrameworksBuildPhase;
			buildActionMask = 2147483647;
			files = (
				76CDFF4020375EA50060CDEE /* VideoPreviewer.framework in Frameworks */,
				76CDFF56203B7D130060CDEE /* MapKit.framework in Frameworks */,
				EF56F7F05419003B4BFF0623 /* Pods_DJIDemo.framework in Frameworks */,
			);
			runOnlyForDeploymentPostprocessing = 0;
		};
/* End PBXFrameworksBuildPhase section */

/* Begin PBXGroup section */
		768DBE0820374C23009B011A = {
			isa = PBXGroup;
			children = (
				768DBE1320374C23009B011A /* DJIDemo */,
				768DBE1220374C23009B011A /* Products */,
				770FED80CC2F95DBCF888958 /* Pods */,
				7F03C321E9815A9A142E6A3F /* Frameworks */,
			);
			sourceTree = "<group>";
		};
		768DBE1220374C23009B011A /* Products */ = {
			isa = PBXGroup;
			children = (
				768DBE1120374C23009B011A /* DJIDemo.app */,
			);
			name = Products;
			sourceTree = "<group>";
		};
		768DBE1320374C23009B011A /* DJIDemo */ = {
			isa = PBXGroup;
			children = (
				768DBE1420374C23009B011A /* AppDelegate.swift */,
				768DBE1620374C23009B011A /* ViewController.swift */,
				760D0841203E05B900E2993E /* MissionsViewController.swift */,
				760D0837203CD6BE00E2993E /* DJIAircraftAnnotation.swift */,
				760D083E203DF93400E2993E /* FBManager.swift */,
				760D0833203CD41600E2993E /* DJIAircraftAnnotationView.swift */,
				76CDFF53203B6AE60060CDEE /* DJIMapController.swift */,
				768DBE1820374C23009B011A /* Main.storyboard */,
				760D084A203FD19400E2993E /* plane24.png */,
				760D0848203FD18700E2993E /* drone-2.png */,
				760D0835203CD61E00E2993E /* drone.png */,
				768DBE1B20374C23009B011A /* Assets.xcassets */,
				768DBE1D20374C23009B011A /* LaunchScreen.storyboard */,
				768DBE2020374C23009B011A /* Info.plist */,
				76CDFF45203775A40060CDEE /* DJIDemo-Bridging-Header.h */,
				760D083B203DF72600E2993E /* GoogleService-Info.plist */,
			);
			path = DJIDemo;
			sourceTree = "<group>";
		};
		76CDFF3B20375E880060CDEE /* Products */ = {
			isa = PBXGroup;
			children = (
				76CDFF3F20375E890060CDEE /* VideoPreviewer.framework */,
			);
			name = Products;
			sourceTree = "<group>";
		};
		770FED80CC2F95DBCF888958 /* Pods */ = {
			isa = PBXGroup;
			children = (
				15C4D2AD412D15FE856FD42D /* Pods-DJIDemo.debug.xcconfig */,
				0D12EF1A853365E794425E37 /* Pods-DJIDemo.release.xcconfig */,
			);
			name = Pods;
			sourceTree = "<group>";
		};
		7F03C321E9815A9A142E6A3F /* Frameworks */ = {
			isa = PBXGroup;
			children = (
				76CDFF55203B7D130060CDEE /* MapKit.framework */,
				76CDFF3A20375E880060CDEE /* VideoPreviewer.xcodeproj */,
				A8E48416157153ACCC3AC1A6 /* Pods_DJIDemo.framework */,
			);
			name = Frameworks;
			sourceTree = "<group>";
		};
/* End PBXGroup section */

/* Begin PBXNativeTarget section */
		768DBE1020374C23009B011A /* DJIDemo */ = {
			isa = PBXNativeTarget;
			buildConfigurationList = 768DBE2320374C23009B011A /* Build configuration list for PBXNativeTarget "DJIDemo" */;
			buildPhases = (
				6654ADC143C9A7187D54594B /* [CP] Check Pods Manifest.lock */,
				768DBE0D20374C23009B011A /* Sources */,
				768DBE0E20374C23009B011A /* Frameworks */,
				768DBE0F20374C23009B011A /* Resources */,
				341FB28C58CA2D3C7842C8F2 /* [CP] Embed Pods Frameworks */,
				1D54016E4B99CB60111158F2 /* [CP] Copy Pods Resources */,
				76CDFF4420375EA60060CDEE /* Embed Frameworks */,
				760D0845203E2A6F00E2993E /* ShellScript */,
			);
			buildRules = (
			);
			dependencies = (
				76CDFF4320375EA50060CDEE /* PBXTargetDependency */,
			);
			name = DJIDemo;
			productName = DJIDemo;
			productReference = 768DBE1120374C23009B011A /* DJIDemo.app */;
			productType = "com.apple.product-type.application";
		};
/* End PBXNativeTarget section */

/* Begin PBXProject section */
		768DBE0920374C23009B011A /* Project object */ = {
			isa = PBXProject;
			attributes = {
				LastSwiftUpdateCheck = 0920;
				LastUpgradeCheck = 0920;
				ORGANIZATIONNAME = "Diaz Orona, Jesus A.";
				TargetAttributes = {
					768DBE1020374C23009B011A = {
						CreatedOnToolsVersion = 9.2;
						LastSwiftMigration = 0920;
						ProvisioningStyle = Automatic;
						SystemCapabilities = {
							com.apple.Maps.iOS = {
								enabled = 1;
							};
						};
					};
				};
			};
			buildConfigurationList = 768DBE0C20374C23009B011A /* Build configuration list for PBXProject "DJIDemo" */;
			compatibilityVersion = "Xcode 8.0";
			developmentRegion = en;
			hasScannedForEncodings = 0;
			knownRegions = (
				en,
				Base,
			);
			mainGroup = 768DBE0820374C23009B011A;
			productRefGroup = 768DBE1220374C23009B011A /* Products */;
			projectDirPath = "";
			projectReferences = (
				{
					ProductGroup = 76CDFF3B20375E880060CDEE /* Products */;
					ProjectRef = 76CDFF3A20375E880060CDEE /* VideoPreviewer.xcodeproj */;
				},
			);
			projectRoot = "";
			targets = (
				768DBE1020374C23009B011A /* DJIDemo */,
			);
		};
/* End PBXProject section */

/* Begin PBXReferenceProxy section */
		76CDFF3F20375E890060CDEE /* VideoPreviewer.framework */ = {
			isa = PBXReferenceProxy;
			fileType = wrapper.framework;
			path = VideoPreviewer.framework;
			remoteRef = 76CDFF3E20375E890060CDEE /* PBXContainerItemProxy */;
			sourceTree = BUILT_PRODUCTS_DIR;
		};
/* End PBXReferenceProxy section */

/* Begin PBXResourcesBuildPhase section */
		768DBE0F20374C23009B011A /* Resources */ = {
			isa = PBXResourcesBuildPhase;
			buildActionMask = 2147483647;
			files = (
				760D083C203DF72700E2993E /* GoogleService-Info.plist in Resources */,
				760D0836203CD61E00E2993E /* drone.png in Resources */,
				768DBE1F20374C23009B011A /* LaunchScreen.storyboard in Resources */,
				760D0849203FD18700E2993E /* drone-2.png in Resources */,
				760D084B203FD19400E2993E /* plane24.png in Resources */,
				768DBE1C20374C23009B011A /* Assets.xcassets in Resources */,
				768DBE1A20374C23009B011A /* Main.storyboard in Resources */,
			);
			runOnlyForDeploymentPostprocessing = 0;
		};
/* End PBXResourcesBuildPhase section */

/* Begin PBXShellScriptBuildPhase section */
		1D54016E4B99CB60111158F2 /* [CP] Copy Pods Resources */ = {
			isa = PBXShellScriptBuildPhase;
			buildActionMask = 2147483647;
			files = (
			);
			inputPaths = (
			);
			name = "[CP] Copy Pods Resources";
			outputPaths = (
			);
			runOnlyForDeploymentPostprocessing = 0;
			shellPath = /bin/sh;
			shellScript = "\"${SRCROOT}/Pods/Target Support Files/Pods-DJIDemo/Pods-DJIDemo-resources.sh\"\n";
			showEnvVarsInLog = 0;
		};
		341FB28C58CA2D3C7842C8F2 /* [CP] Embed Pods Frameworks */ = {
			isa = PBXShellScriptBuildPhase;
			buildActionMask = 2147483647;
			files = (
			);
			inputPaths = (
				"${SRCROOT}/Pods/Target Support Files/Pods-DJIDemo/Pods-DJIDemo-frameworks.sh",
				"${PODS_ROOT}/DJI-SDK-iOS/iOS_Mobile_SDK/DJISDK.framework",
				"${BUILT_PRODUCTS_DIR}/GTMSessionFetcher/GTMSessionFetcher.framework",
				"${BUILT_PRODUCTS_DIR}/GoogleToolboxForMac/GoogleToolboxForMac.framework",
				"${BUILT_PRODUCTS_DIR}/Protobuf/Protobuf.framework",
				"${BUILT_PRODUCTS_DIR}/leveldb-library/leveldb.framework",
				"${BUILT_PRODUCTS_DIR}/nanopb/nanopb.framework",
			);
			name = "[CP] Embed Pods Frameworks";
			outputPaths = (
				"${TARGET_BUILD_DIR}/${FRAMEWORKS_FOLDER_PATH}/DJISDK.framework",
				"${TARGET_BUILD_DIR}/${FRAMEWORKS_FOLDER_PATH}/GTMSessionFetcher.framework",
				"${TARGET_BUILD_DIR}/${FRAMEWORKS_FOLDER_PATH}/GoogleToolboxForMac.framework",
				"${TARGET_BUILD_DIR}/${FRAMEWORKS_FOLDER_PATH}/Protobuf.framework",
				"${TARGET_BUILD_DIR}/${FRAMEWORKS_FOLDER_PATH}/leveldb.framework",
				"${TARGET_BUILD_DIR}/${FRAMEWORKS_FOLDER_PATH}/nanopb.framework",
			);
			runOnlyForDeploymentPostprocessing = 0;
			shellPath = /bin/sh;
			shellScript = "\"${SRCROOT}/Pods/Target Support Files/Pods-DJIDemo/Pods-DJIDemo-frameworks.sh\"\n";
			showEnvVarsInLog = 0;
		};
		6654ADC143C9A7187D54594B /* [CP] Check Pods Manifest.lock */ = {
			isa = PBXShellScriptBuildPhase;
			buildActionMask = 2147483647;
			files = (
			);
			inputPaths = (
				"${PODS_PODFILE_DIR_PATH}/Podfile.lock",
				"${PODS_ROOT}/Manifest.lock",
			);
			name = "[CP] Check Pods Manifest.lock";
			outputPaths = (
				"$(DERIVED_FILE_DIR)/Pods-DJIDemo-checkManifestLockResult.txt",
			);
			runOnlyForDeploymentPostprocessing = 0;
			shellPath = /bin/sh;
			shellScript = "diff \"${PODS_PODFILE_DIR_PATH}/Podfile.lock\" \"${PODS_ROOT}/Manifest.lock\" > /dev/null\nif [ $? != 0 ] ; then\n    # print error to STDERR\n    echo \"error: The sandbox is not in sync with the Podfile.lock. Run 'pod install' or update your CocoaPods installation.\" >&2\n    exit 1\nfi\n# This output is used by Xcode 'outputs' to avoid re-running this script phase.\necho \"SUCCESS\" > \"${SCRIPT_OUTPUT_FILE_0}\"\n";
			showEnvVarsInLog = 0;
		};
		760D0845203E2A6F00E2993E /* ShellScript */ = {
			isa = PBXShellScriptBuildPhase;
			buildActionMask = 2147483647;
			files = (
			);
			inputPaths = (
			);
			outputPaths = (
			);
			runOnlyForDeploymentPostprocessing = 0;
			shellPath = /bin/sh;
			shellScript = "\"${PODS_ROOT}/Fabric/run\"";
		};
/* End PBXShellScriptBuildPhase section */

/* Begin PBXSourcesBuildPhase section */
		768DBE0D20374C23009B011A /* Sources */ = {
			isa = PBXSourcesBuildPhase;
			buildActionMask = 2147483647;
			files = (
				768DBE1720374C23009B011A /* ViewController.swift in Sources */,
				768DBE1520374C23009B011A /* AppDelegate.swift in Sources */,
				760D0842203E05B900E2993E /* MissionsViewController.swift in Sources */,
				760D0838203CD6BE00E2993E /* DJIAircraftAnnotation.swift in Sources */,
				76CDFF54203B6AE60060CDEE /* DJIMapController.swift in Sources */,
				760D083F203DF93400E2993E /* FBManager.swift in Sources */,
				760D0834203CD41600E2993E /* DJIAircraftAnnotationView.swift in Sources */,
			);
			runOnlyForDeploymentPostprocessing = 0;
		};
/* End PBXSourcesBuildPhase section */

/* Begin PBXTargetDependency section */
		76CDFF4320375EA50060CDEE /* PBXTargetDependency */ = {
			isa = PBXTargetDependency;
			name = VideoPreviewer;
			targetProxy = 76CDFF4220375EA50060CDEE /* PBXContainerItemProxy */;
		};
/* End PBXTargetDependency section */

/* Begin PBXVariantGroup section */
		768DBE1820374C23009B011A /* Main.storyboard */ = {
			isa = PBXVariantGroup;
			children = (
				768DBE1920374C23009B011A /* Base */,
			);
			name = Main.storyboard;
			sourceTree = "<group>";
		};
		768DBE1D20374C23009B011A /* LaunchScreen.storyboard */ = {
			isa = PBXVariantGroup;
			children = (
				768DBE1E20374C23009B011A /* Base */,
			);
			name = LaunchScreen.storyboard;
			sourceTree = "<group>";
		};
/* End PBXVariantGroup section */

/* Begin XCBuildConfiguration section */
		768DBE2120374C23009B011A /* Debug */ = {
			isa = XCBuildConfiguration;
			buildSettings = {
				ALWAYS_SEARCH_USER_PATHS = NO;
				CLANG_ANALYZER_NONNULL = YES;
				CLANG_ANALYZER_NUMBER_OBJECT_CONVERSION = YES_AGGRESSIVE;
				CLANG_CXX_LANGUAGE_STANDARD = "gnu++14";
				CLANG_CXX_LIBRARY = "libc++";
				CLANG_ENABLE_MODULES = YES;
				CLANG_ENABLE_OBJC_ARC = YES;
				CLANG_WARN_BLOCK_CAPTURE_AUTORELEASING = YES;
				CLANG_WARN_BOOL_CONVERSION = YES;
				CLANG_WARN_COMMA = YES;
				CLANG_WARN_CONSTANT_CONVERSION = YES;
				CLANG_WARN_DIRECT_OBJC_ISA_USAGE = YES_ERROR;
				CLANG_WARN_DOCUMENTATION_COMMENTS = YES;
				CLANG_WARN_EMPTY_BODY = YES;
				CLANG_WARN_ENUM_CONVERSION = YES;
				CLANG_WARN_INFINITE_RECURSION = YES;
				CLANG_WARN_INT_CONVERSION = YES;
				CLANG_WARN_NON_LITERAL_NULL_CONVERSION = YES;
				CLANG_WARN_OBJC_LITERAL_CONVERSION = YES;
				CLANG_WARN_OBJC_ROOT_CLASS = YES_ERROR;
				CLANG_WARN_RANGE_LOOP_ANALYSIS = YES;
				CLANG_WARN_STRICT_PROTOTYPES = YES;
				CLANG_WARN_SUSPICIOUS_MOVE = YES;
				CLANG_WARN_UNGUARDED_AVAILABILITY = YES_AGGRESSIVE;
				CLANG_WARN_UNREACHABLE_CODE = YES;
				CLANG_WARN__DUPLICATE_METHOD_MATCH = YES;
				CODE_SIGN_IDENTITY = "iPhone Developer";
				COPY_PHASE_STRIP = NO;
				DEBUG_INFORMATION_FORMAT = dwarf;
				ENABLE_STRICT_OBJC_MSGSEND = YES;
				ENABLE_TESTABILITY = YES;
				GCC_C_LANGUAGE_STANDARD = gnu11;
				GCC_DYNAMIC_NO_PIC = NO;
				GCC_NO_COMMON_BLOCKS = YES;
				GCC_OPTIMIZATION_LEVEL = 0;
				GCC_PREPROCESSOR_DEFINITIONS = (
					"DEBUG=1",
					"$(inherited)",
				);
				GCC_WARN_64_TO_32_BIT_CONVERSION = YES;
				GCC_WARN_ABOUT_RETURN_TYPE = YES_ERROR;
				GCC_WARN_UNDECLARED_SELECTOR = YES;
				GCC_WARN_UNINITIALIZED_AUTOS = YES_AGGRESSIVE;
				GCC_WARN_UNUSED_FUNCTION = YES;
				GCC_WARN_UNUSED_VARIABLE = YES;
				IPHONEOS_DEPLOYMENT_TARGET = 11.2;
				MTL_ENABLE_DEBUG_INFO = YES;
				ONLY_ACTIVE_ARCH = YES;
				SDKROOT = iphoneos;
				SWIFT_ACTIVE_COMPILATION_CONDITIONS = DEBUG;
				SWIFT_OPTIMIZATION_LEVEL = "-Onone";
			};
			name = Debug;
		};
		768DBE2220374C23009B011A /* Release */ = {
			isa = XCBuildConfiguration;
			buildSettings = {
				ALWAYS_SEARCH_USER_PATHS = NO;
				CLANG_ANALYZER_NONNULL = YES;
				CLANG_ANALYZER_NUMBER_OBJECT_CONVERSION = YES_AGGRESSIVE;
				CLANG_CXX_LANGUAGE_STANDARD = "gnu++14";
				CLANG_CXX_LIBRARY = "libc++";
				CLANG_ENABLE_MODULES = YES;
				CLANG_ENABLE_OBJC_ARC = YES;
				CLANG_WARN_BLOCK_CAPTURE_AUTORELEASING = YES;
				CLANG_WARN_BOOL_CONVERSION = YES;
				CLANG_WARN_COMMA = YES;
				CLANG_WARN_CONSTANT_CONVERSION = YES;
				CLANG_WARN_DIRECT_OBJC_ISA_USAGE = YES_ERROR;
				CLANG_WARN_DOCUMENTATION_COMMENTS = YES;
				CLANG_WARN_EMPTY_BODY = YES;
				CLANG_WARN_ENUM_CONVERSION = YES;
				CLANG_WARN_INFINITE_RECURSION = YES;
				CLANG_WARN_INT_CONVERSION = YES;
				CLANG_WARN_NON_LITERAL_NULL_CONVERSION = YES;
				CLANG_WARN_OBJC_LITERAL_CONVERSION = YES;
				CLANG_WARN_OBJC_ROOT_CLASS = YES_ERROR;
				CLANG_WARN_RANGE_LOOP_ANALYSIS = YES;
				CLANG_WARN_STRICT_PROTOTYPES = YES;
				CLANG_WARN_SUSPICIOUS_MOVE = YES;
				CLANG_WARN_UNGUARDED_AVAILABILITY = YES_AGGRESSIVE;
				CLANG_WARN_UNREACHABLE_CODE = YES;
				CLANG_WARN__DUPLICATE_METHOD_MATCH = YES;
				CODE_SIGN_IDENTITY = "iPhone Developer";
				COPY_PHASE_STRIP = NO;
				DEBUG_INFORMATION_FORMAT = "dwarf-with-dsym";
				ENABLE_NS_ASSERTIONS = NO;
				ENABLE_STRICT_OBJC_MSGSEND = YES;
				GCC_C_LANGUAGE_STANDARD = gnu11;
				GCC_NO_COMMON_BLOCKS = YES;
				GCC_WARN_64_TO_32_BIT_CONVERSION = YES;
				GCC_WARN_ABOUT_RETURN_TYPE = YES_ERROR;
				GCC_WARN_UNDECLARED_SELECTOR = YES;
				GCC_WARN_UNINITIALIZED_AUTOS = YES_AGGRESSIVE;
				GCC_WARN_UNUSED_FUNCTION = YES;
				GCC_WARN_UNUSED_VARIABLE = YES;
				IPHONEOS_DEPLOYMENT_TARGET = 11.2;
				MTL_ENABLE_DEBUG_INFO = NO;
				SDKROOT = iphoneos;
				SWIFT_OPTIMIZATION_LEVEL = "-Owholemodule";
				VALIDATE_PRODUCT = YES;
			};
			name = Release;
		};
		768DBE2420374C23009B011A /* Debug */ = {
			isa = XCBuildConfiguration;
			baseConfigurationReference = 15C4D2AD412D15FE856FD42D /* Pods-DJIDemo.debug.xcconfig */;
			buildSettings = {
				ASSETCATALOG_COMPILER_APPICON_NAME = AppIcon;
				CLANG_ENABLE_MODULES = YES;
				CODE_SIGN_STYLE = Automatic;
				DEBUG_INFORMATION_FORMAT = "dwarf-with-dsym";
				DEVELOPMENT_TEAM = 327AJZFVVJ;
				ENABLE_BITCODE = NO;
				HEADER_SEARCH_PATHS = "\"${PODS_ROOT}/Headers/Public\"";
				INFOPLIST_FILE = DJIDemo/Info.plist;
				LD_RUNPATH_SEARCH_PATHS = "$(inherited) @executable_path/Frameworks";
				PRODUCT_BUNDLE_IDENTIFIER = com.mdcinnovation.ArPro;
				PRODUCT_NAME = "$(TARGET_NAME)";
				SWIFT_OBJC_BRIDGING_HEADER = "DJIDemo/DJIDemo-Bridging-Header.h";
				SWIFT_OPTIMIZATION_LEVEL = "-Onone";
				SWIFT_VERSION = 4.0;
				TARGETED_DEVICE_FAMILY = "1,2";
			};
			name = Debug;
		};
		768DBE2520374C23009B011A /* Release */ = {
			isa = XCBuildConfiguration;
			baseConfigurationReference = 0D12EF1A853365E794425E37 /* Pods-DJIDemo.release.xcconfig */;
			buildSettings = {
				ASSETCATALOG_COMPILER_APPICON_NAME = AppIcon;
				CLANG_ENABLE_MODULES = YES;
				CODE_SIGN_STYLE = Automatic;
				DEVELOPMENT_TEAM = 327AJZFVVJ;
				ENABLE_BITCODE = NO;
				HEADER_SEARCH_PATHS = "\"${PODS_ROOT}/Headers/Public\"";
				INFOPLIST_FILE = DJIDemo/Info.plist;
				LD_RUNPATH_SEARCH_PATHS = "$(inherited) @executable_path/Frameworks";
				PRODUCT_BUNDLE_IDENTIFIER = com.mdcinnovation.ArPro;
				PRODUCT_NAME = "$(TARGET_NAME)";
				SWIFT_OBJC_BRIDGING_HEADER = "DJIDemo/DJIDemo-Bridging-Header.h";
				SWIFT_VERSION = 4.0;
				TARGETED_DEVICE_FAMILY = "1,2";
			};
			name = Release;
		};
/* End XCBuildConfiguration section */

/* Begin XCConfigurationList section */
		768DBE0C20374C23009B011A /* Build configuration list for PBXProject "DJIDemo" */ = {
			isa = XCConfigurationList;
			buildConfigurations = (
				768DBE2120374C23009B011A /* Debug */,
				768DBE2220374C23009B011A /* Release */,
			);
			defaultConfigurationIsVisible = 0;
			defaultConfigurationName = Release;
		};
		768DBE2320374C23009B011A /* Build configuration list for PBXNativeTarget "DJIDemo" */ = {
			isa = XCConfigurationList;
			buildConfigurations = (
				768DBE2420374C23009B011A /* Debug */,
				768DBE2520374C23009B011A /* Release */,
			);
			defaultConfigurationIsVisible = 0;
			defaultConfigurationName = Release;
		};
/* End XCConfigurationList section */
	};
	rootObject = 768DBE0920374C23009B011A /* Project object */;
}
